// !$*UTF8*$!
{
	archiveVersion = 1;
	classes = {
	};
	objectVersion = 46;
	objects = {

/* Begin PBXBuildFile section */
		CBF6A4451D21110E00B204BB /* main.m in Sources */ = {isa = PBXBuildFile; fileRef = CBF6A4441D21110E00B204BB /* main.m */; };
		CBF6A4481D21110E00B204BB /* AppDelegate.m in Sources */ = {isa = PBXBuildFile; fileRef = CBF6A4471D21110E00B204BB /* AppDelegate.m */; };
		CBF6A44B1D21110E00B204BB /* ViewController.m in Sources */ = {isa = PBXBuildFile; fileRef = CBF6A44A1D21110E00B204BB /* ViewController.m */; };
		CBF6A44E1D21110E00B204BB /* Main.storyboard in Resources */ = {isa = PBXBuildFile; fileRef = CBF6A44C1D21110E00B204BB /* Main.storyboard */; };
		CBF6A4501D21110E00B204BB /* Assets.xcassets in Resources */ = {isa = PBXBuildFile; fileRef = CBF6A44F1D21110E00B204BB /* Assets.xcassets */; };
		CBF6A4531D21110E00B204BB /* LaunchScreen.storyboard in Resources */ = {isa = PBXBuildFile; fileRef = CBF6A4511D21110E00B204BB /* LaunchScreen.storyboard */; };
		CBF6A45E1D21110E00B204BB /* RunTimeTests.m in Sources */ = {isa = PBXBuildFile; fileRef = CBF6A45D1D21110E00B204BB /* RunTimeTests.m */; };
		CBF6A4691D21110E00B204BB /* RunTimeUITests.m in Sources */ = {isa = PBXBuildFile; fileRef = CBF6A4681D21110E00B204BB /* RunTimeUITests.m */; };
/* End PBXBuildFile section */

/* Begin PBXContainerItemProxy section */
		CBF6A45A1D21110E00B204BB /* PBXContainerItemProxy */ = {
			isa = PBXContainerItemProxy;
			containerPortal = CBF6A4381D21110E00B204BB /* Project object */;
			proxyType = 1;
			remoteGlobalIDString = CBF6A43F1D21110E00B204BB;
			remoteInfo = RunTime;
		};
		CBF6A4651D21110E00B204BB /* PBXContainerItemProxy */ = {
			isa = PBXContainerItemProxy;
			containerPortal = CBF6A4381D21110E00B204BB /* Project object */;
			proxyType = 1;
			remoteGlobalIDString = CBF6A43F1D21110E00B204BB;
			remoteInfo = RunTime;
		};
/* End PBXContainerItemProxy section */

/* Begin PBXFileReference section */
		CBF6A4401D21110E00B204BB /* RunTime.app */ = {isa = PBXFileReference; explicitFileType = wrapper.application; includeInIndex = 0; path = RunTime.app; sourceTree = BUILT_PRODUCTS_DIR; };
		CBF6A4441D21110E00B204BB /* main.m */ = {isa = PBXFileReference; lastKnownFileType = sourcecode.c.objc; path = main.m; sourceTree = "<group>"; };
		CBF6A4461D21110E00B204BB /* AppDelegate.h */ = {isa = PBXFileReference; lastKnownFileType = sourcecode.c.h; path = AppDelegate.h; sourceTree = "<group>"; };
		CBF6A4471D21110E00B204BB /* AppDelegate.m */ = {isa = PBXFileReference; lastKnownFileType = sourcecode.c.objc; path = AppDelegate.m; sourceTree = "<group>"; };
		CBF6A4491D21110E00B204BB /* ViewController.h */ = {isa = PBXFileReference; lastKnownFileType = sourcecode.c.h; path = ViewController.h; sourceTree = "<group>"; };
		CBF6A44A1D21110E00B204BB /* ViewController.m */ = {isa = PBXFileReference; lastKnownFileType = sourcecode.c.objc; path = ViewController.m; sourceTree = "<group>"; };
		CBF6A44D1D21110E00B204BB /* Base */ = {isa = PBXFileReference; lastKnownFileType = file.storyboard; name = Base; path = Base.lproj/Main.storyboard; sourceTree = "<group>"; };
		CBF6A44F1D21110E00B204BB /* Assets.xcassets */ = {isa = PBXFileReference; lastKnownFileType = folder.assetcatalog; path = Assets.xcassets; sourceTree = "<group>"; };
		CBF6A4521D21110E00B204BB /* Base */ = {isa = PBXFileReference; lastKnownFileType = file.storyboard; name = Base; path = Base.lproj/LaunchScreen.storyboard; sourceTree = "<group>"; };
		CBF6A4541D21110E00B204BB /* Info.plist */ = {isa = PBXFileReference; lastKnownFileType = text.plist.xml; path = Info.plist; sourceTree = "<group>"; };
		CBF6A4591D21110E00B204BB /* RunTimeTests.xctest */ = {isa = PBXFileReference; explicitFileType = wrapper.cfbundle; includeInIndex = 0; path = RunTimeTests.xctest; sourceTree = BUILT_PRODUCTS_DIR; };
		CBF6A45D1D21110E00B204BB /* RunTimeTests.m */ = {isa = PBXFileReference; lastKnownFileType = sourcecode.c.objc; path = RunTimeTests.m; sourceTree = "<group>"; };
		CBF6A45F1D21110E00B204BB /* Info.plist */ = {isa = PBXFileReference; lastKnownFileType = text.plist.xml; path = Info.plist; sourceTree = "<group>"; };
		CBF6A4641D21110E00B204BB /* RunTimeUITests.xctest */ = {isa = PBXFileReference; explicitFileType = wrapper.cfbundle; includeInIndex = 0; path = RunTimeUITests.xctest; sourceTree = BUILT_PRODUCTS_DIR; };
		CBF6A4681D21110E00B204BB /* RunTimeUITests.m */ = {isa = PBXFileReference; lastKnownFileType = sourcecode.c.objc; path = RunTimeUITests.m; sourceTree = "<group>"; };
		CBF6A46A1D21110E00B204BB /* Info.plist */ = {isa = PBXFileReference; lastKnownFileType = text.plist.xml; path = Info.plist; sourceTree = "<group>"; };
/* End PBXFileReference section */

/* Begin PBXFrameworksBuildPhase section */
		CBF6A43D1D21110E00B204BB /* Frameworks */ = {
			isa = PBXFrameworksBuildPhase;
			buildActionMask = 2147483647;
			files = (
			);
			runOnlyForDeploymentPostprocessing = 0;
		};
		CBF6A4561D21110E00B204BB /* Frameworks */ = {
			isa = PBXFrameworksBuildPhase;
			buildActionMask = 2147483647;
			files = (
			);
			runOnlyForDeploymentPostprocessing = 0;
		};
		CBF6A4611D21110E00B204BB /* Frameworks */ = {
			isa = PBXFrameworksBuildPhase;
			buildActionMask = 2147483647;
			files = (
			);
			runOnlyForDeploymentPostprocessing = 0;
		};
/* End PBXFrameworksBuildPhase section */

/* Begin PBXGroup section */
		CBF6A4371D21110E00B204BB = {
			isa = PBXGroup;
			children = (
				CBF6A4421D21110E00B204BB /* RunTime */,
				CBF6A45C1D21110E00B204BB /* RunTimeTests */,
				CBF6A4671D21110E00B204BB /* RunTimeUITests */,
				CBF6A4411D21110E00B204BB /* Products */,
			);
			sourceTree = "<group>";
		};
		CBF6A4411D21110E00B204BB /* Products */ = {
			isa = PBXGroup;
			children = (
				CBF6A4401D21110E00B204BB /* RunTime.app */,
				CBF6A4591D21110E00B204BB /* RunTimeTests.xctest */,
				CBF6A4641D21110E00B204BB /* RunTimeUITests.xctest */,
			);
			name = Products;
			sourceTree = "<group>";
		};
		CBF6A4421D21110E00B204BB /* RunTime */ = {
			isa = PBXGroup;
			children = (
				CBF6A4461D21110E00B204BB /* AppDelegate.h */,
				CBF6A4471D21110E00B204BB /* AppDelegate.m */,
				CBF6A4491D21110E00B204BB /* ViewController.h */,
				CBF6A44A1D21110E00B204BB /* ViewController.m */,
				CBF6A44C1D21110E00B204BB /* Main.storyboard */,
				CBF6A44F1D21110E00B204BB /* Assets.xcassets */,
				CBF6A4511D21110E00B204BB /* LaunchScreen.storyboard */,
				CBF6A4541D21110E00B204BB /* Info.plist */,
				CBF6A4431D21110E00B204BB /* Supporting Files */,
			);
			path = RunTime;
			sourceTree = "<group>";
		};
		CBF6A4431D21110E00B204BB /* Supporting Files */ = {
			isa = PBXGroup;
			children = (
				CBF6A4441D21110E00B204BB /* main.m */,
			);
			name = "Supporting Files";
			sourceTree = "<group>";
		};
		CBF6A45C1D21110E00B204BB /* RunTimeTests */ = {
			isa = PBXGroup;
			children = (
				CBF6A45D1D21110E00B204BB /* RunTimeTests.m */,
				CBF6A45F1D21110E00B204BB /* Info.plist */,
			);
			path = RunTimeTests;
			sourceTree = "<group>";
		};
		CBF6A4671D21110E00B204BB /* RunTimeUITests */ = {
			isa = PBXGroup;
			children = (
				CBF6A4681D21110E00B204BB /* RunTimeUITests.m */,
				CBF6A46A1D21110E00B204BB /* Info.plist */,
			);
			path = RunTimeUITests;
			sourceTree = "<group>";
		};
/* End PBXGroup section */

/* Begin PBXNativeTarget section */
		CBF6A43F1D21110E00B204BB /* RunTime */ = {
			isa = PBXNativeTarget;
			buildConfigurationList = CBF6A46D1D21110E00B204BB /* Build configuration list for PBXNativeTarget "RunTime" */;
			buildPhases = (
				CBF6A43C1D21110E00B204BB /* Sources */,
				CBF6A43D1D21110E00B204BB /* Frameworks */,
				CBF6A43E1D21110E00B204BB /* Resources */,
			);
			buildRules = (
			);
			dependencies = (
			);
			name = RunTime;
			productName = RunTime;
			productReference = CBF6A4401D21110E00B204BB /* RunTime.app */;
			productType = "com.apple.product-type.application";
		};
		CBF6A4581D21110E00B204BB /* RunTimeTests */ = {
			isa = PBXNativeTarget;
			buildConfigurationList = CBF6A4701D21110E00B204BB /* Build configuration list for PBXNativeTarget "RunTimeTests" */;
			buildPhases = (
				CBF6A4551D21110E00B204BB /* Sources */,
				CBF6A4561D21110E00B204BB /* Frameworks */,
				CBF6A4571D21110E00B204BB /* Resources */,
			);
			buildRules = (
			);
			dependencies = (
				CBF6A45B1D21110E00B204BB /* PBXTargetDependency */,
			);
			name = RunTimeTests;
			productName = RunTimeTests;
			productReference = CBF6A4591D21110E00B204BB /* RunTimeTests.xctest */;
			productType = "com.apple.product-type.bundle.unit-test";
		};
		CBF6A4631D21110E00B204BB /* RunTimeUITests */ = {
			isa = PBXNativeTarget;
			buildConfigurationList = CBF6A4731D21110E00B204BB /* Build configuration list for PBXNativeTarget "RunTimeUITests" */;
			buildPhases = (
				CBF6A4601D21110E00B204BB /* Sources */,
				CBF6A4611D21110E00B204BB /* Frameworks */,
				CBF6A4621D21110E00B204BB /* Resources */,
			);
			buildRules = (
			);
			dependencies = (
				CBF6A4661D21110E00B204BB /* PBXTargetDependency */,
			);
			name = RunTimeUITests;
			productName = RunTimeUITests;
			productReference = CBF6A4641D21110E00B204BB /* RunTimeUITests.xctest */;
			productType = "com.apple.product-type.bundle.ui-testing";
		};
/* End PBXNativeTarget section */

/* Begin PBXProject section */
		CBF6A4381D21110E00B204BB /* Project object */ = {
			isa = PBXProject;
			attributes = {
				LastUpgradeCheck = 0730;
				ORGANIZATIONNAME = alai;
				TargetAttributes = {
					CBF6A43F1D21110E00B204BB = {
						CreatedOnToolsVersion = 7.3;
					};
					CBF6A4581D21110E00B204BB = {
						CreatedOnToolsVersion = 7.3;
						TestTargetID = CBF6A43F1D21110E00B204BB;
					};
					CBF6A4631D21110E00B204BB = {
						CreatedOnToolsVersion = 7.3;
						TestTargetID = CBF6A43F1D21110E00B204BB;
					};
				};
			};
			buildConfigurationList = CBF6A43B1D21110E00B204BB /* Build configuration list for PBXProject "RunTime" */;
			compatibilityVersion = "Xcode 3.2";
			developmentRegion = English;
			hasScannedForEncodings = 0;
			knownRegions = (
				en,
				Base,
			);
			mainGroup = CBF6A4371D21110E00B204BB;
			productRefGroup = CBF6A4411D21110E00B204BB /* Products */;
			projectDirPath = "";
			projectRoot = "";
			targets = (
				CBF6A43F1D21110E00B204BB /* RunTime */,
				CBF6A4581D21110E00B204BB /* RunTimeTests */,
				CBF6A4631D21110E00B204BB /* RunTimeUITests */,
			);
		};
/* End PBXProject section */

/* Begin PBXResourcesBuildPhase section */
		CBF6A43E1D21110E00B204BB /* Resources */ = {
			isa = PBXResourcesBuildPhase;
			buildActionMask = 2147483647;
			files = (
				CBF6A4531D21110E00B204BB /* LaunchScreen.storyboard in Resources */,
				CBF6A4501D21110E00B204BB /* Assets.xcassets in Resources */,
				CBF6A44E1D21110E00B204BB /* Main.storyboard in Resources */,
			);
			runOnlyForDeploymentPostprocessing = 0;
		};
		CBF6A4571D21110E00B204BB /* Resources */ = {
			isa = PBXResourcesBuildPhase;
			buildActionMask = 2147483647;
			files = (
			);
			runOnlyForDeploymentPostprocessing = 0;
		};
		CBF6A4621D21110E00B204BB /* Resources */ = {
			isa = PBXResourcesBuildPhase;
			buildActionMask = 2147483647;
			files = (
			);
			runOnlyForDeploymentPostprocessing = 0;
		};
/* End PBXResourcesBuildPhase section */

/* Begin PBXSourcesBuildPhase section */
		CBF6A43C1D21110E00B204BB /* Sources */ = {
			isa = PBXSourcesBuildPhase;
			buildActionMask = 2147483647;
			files = (
				CBF6A44B1D21110E00B204BB /* ViewController.m in Sources */,
				CBF6A4481D21110E00B204BB /* AppDelegate.m in Sources */,
				CBF6A4451D21110E00B204BB /* main.m in Sources */,
			);
			runOnlyForDeploymentPostprocessing = 0;
		};
		CBF6A4551D21110E00B204BB /* Sources */ = {
			isa = PBXSourcesBuildPhase;
			buildActionMask = 2147483647;
			files = (
				CBF6A45E1D21110E00B204BB /* RunTimeTests.m in Sources */,
			);
			runOnlyForDeploymentPostprocessing = 0;
		};
		CBF6A4601D21110E00B204BB /* Sources */ = {
			isa = PBXSourcesBuildPhase;
			buildActionMask = 2147483647;
			files = (
				CBF6A4691D21110E00B204BB /* RunTimeUITests.m in Sources */,
			);
			runOnlyForDeploymentPostprocessing = 0;
		};
/* End PBXSourcesBuildPhase section */

/* Begin PBXTargetDependency section */
		CBF6A45B1D21110E00B204BB /* PBXTargetDependency */ = {
			isa = PBXTargetDependency;
			target = CBF6A43F1D21110E00B204BB /* RunTime */;
			targetProxy = CBF6A45A1D21110E00B204BB /* PBXContainerItemProxy */;
		};
		CBF6A4661D21110E00B204BB /* PBXTargetDependency */ = {
			isa = PBXTargetDependency;
			target = CBF6A43F1D21110E00B204BB /* RunTime */;
			targetProxy = CBF6A4651D21110E00B204BB /* PBXContainerItemProxy */;
		};
/* End PBXTargetDependency section */

/* Begin PBXVariantGroup section */
		CBF6A44C1D21110E00B204BB /* Main.storyboard */ = {
			isa = PBXVariantGroup;
			children = (
				CBF6A44D1D21110E00B204BB /* Base */,
			);
			name = Main.storyboard;
			sourceTree = "<group>";
		};
		CBF6A4511D21110E00B204BB /* LaunchScreen.storyboard */ = {
			isa = PBXVariantGroup;
			children = (
				CBF6A4521D21110E00B204BB /* Base */,
			);
			name = LaunchScreen.storyboard;
			sourceTree = "<group>";
		};
/* End PBXVariantGroup section */

/* Begin XCBuildConfiguration section */
		CBF6A46B1D21110E00B204BB /* Debug */ = {
			isa = XCBuildConfiguration;
			buildSettings = {
				ALWAYS_SEARCH_USER_PATHS = NO;
				CLANG_ANALYZER_NONNULL = YES;
				CLANG_CXX_LANGUAGE_STANDARD = "gnu++0x";
				CLANG_CXX_LIBRARY = "libc++";
				CLANG_ENABLE_MODULES = YES;
				CLANG_ENABLE_OBJC_ARC = YES;
				CLANG_WARN_BOOL_CONVERSION = YES;
				CLANG_WARN_CONSTANT_CONVERSION = YES;
				CLANG_WARN_DIRECT_OBJC_ISA_USAGE = YES_ERROR;
				CLANG_WARN_EMPTY_BODY = YES;
				CLANG_WARN_ENUM_CONVERSION = YES;
				CLANG_WARN_INT_CONVERSION = YES;
				CLANG_WARN_OBJC_ROOT_CLASS = YES_ERROR;
				CLANG_WARN_UNREACHABLE_CODE = YES;
				CLANG_WARN__DUPLICATE_METHOD_MATCH = YES;
				"CODE_SIGN_IDENTITY[sdk=iphoneos*]" = "iPhone Developer";
				COPY_PHASE_STRIP = NO;
				DEBUG_INFORMATION_FORMAT = dwarf;
				ENABLE_STRICT_OBJC_MSGSEND = YES;
				ENABLE_TESTABILITY = YES;
				GCC_C_LANGUAGE_STANDARD = gnu99;
				GCC_DYNAMIC_NO_PIC = NO;
				GCC_NO_COMMON_BLOCKS = YES;
				GCC_OPTIMIZATION_LEVEL = 0;
				GCC_PREPROCESSOR_DEFINITIONS = (
					"DEBUG=1",
					"$(inherited)",
				);
				GCC_WARN_64_TO_32_BIT_CONVERSION = YES;
				GCC_WARN_ABOUT_RETURN_TYPE = YES_ERROR;
				GCC_WARN_UNDECLARED_SELECTOR = YES;
				GCC_WARN_UNINITIALIZED_AUTOS = YES_AGGRESSIVE;
				GCC_WARN_UNUSED_FUNCTION = YES;
				GCC_WARN_UNUSED_VARIABLE = YES;
				IPHONEOS_DEPLOYMENT_TARGET = 9.3;
				MTL_ENABLE_DEBUG_INFO = YES;
				ONLY_ACTIVE_ARCH = YES;
				SDKROOT = iphoneos;
				TARGETED_DEVICE_FAMILY = "1,2";
			};
			name = Debug;
		};
		CBF6A46C1D21110E00B204BB /* Release */ = {
			isa = XCBuildConfiguration;
			buildSettings = {
				ALWAYS_SEARCH_USER_PATHS = NO;
				CLANG_ANALYZER_NONNULL = YES;
				CLANG_CXX_LANGUAGE_STANDARD = "gnu++0x";
				CLANG_CXX_LIBRARY = "libc++";
				CLANG_ENABLE_MODULES = YES;
				CLANG_ENABLE_OBJC_ARC = YES;
				CLANG_WARN_BOOL_CONVERSION = YES;
				CLANG_WARN_CONSTANT_CONVERSION = YES;
				CLANG_WARN_DIRECT_OBJC_ISA_USAGE = YES_ERROR;
				CLANG_WARN_EMPTY_BODY = YES;
				CLANG_WARN_ENUM_CONVERSION = YES;
				CLANG_WARN_INT_CONVERSION = YES;
				CLANG_WARN_OBJC_ROOT_CLASS = YES_ERROR;
				CLANG_WARN_UNREACHABLE_CODE = YES;
				CLANG_WARN__DUPLICATE_METHOD_MATCH = YES;
				"CODE_SIGN_IDENTITY[sdk=iphoneos*]" = "iPhone Developer";
				COPY_PHASE_STRIP = NO;
				DEBUG_INFORMATION_FORMAT = "dwarf-with-dsym";
				ENABLE_NS_ASSERTIONS = NO;
				ENABLE_STRICT_OBJC_MSGSEND = YES;
				GCC_C_LANGUAGE_STANDARD = gnu99;
				GCC_NO_COMMON_BLOCKS = YES;
				GCC_WARN_64_TO_32_BIT_CONVERSION = YES;
				GCC_WARN_ABOUT_RETURN_TYPE = YES_ERROR;
				GCC_WARN_UNDECLARED_SELECTOR = YES;
				GCC_WARN_UNINITIALIZED_AUTOS = YES_AGGRESSIVE;
				GCC_WARN_UNUSED_FUNCTION = YES;
				GCC_WARN_UNUSED_VARIABLE = YES;
				IPHONEOS_DEPLOYMENT_TARGET = 9.3;
				MTL_ENABLE_DEBUG_INFO = NO;
				SDKROOT = iphoneos;
				TARGETED_DEVICE_FAMILY = "1,2";
				VALIDATE_PRODUCT = YES;
			};
			name = Release;
		};
		CBF6A46E1D21110E00B204BB /* Debug */ = {
			isa = XCBuildConfiguration;
			buildSettings = {
				ASSETCATALOG_COMPILER_APPICON_NAME = AppIcon;
				INFOPLIST_FILE = RunTime/Info.plist;
				LD_RUNPATH_SEARCH_PATHS = "$(inherited) @executable_path/Frameworks";
				PRODUCT_BUNDLE_IDENTIFIER = sanLong.RunTime;
				PRODUCT_NAME = "$(TARGET_NAME)";
			};
			name = Debug;
		};
		CBF6A46F1D21110E00B204BB /* Release */ = {
			isa = XCBuildConfiguration;
			buildSettings = {
				ASSETCATALOG_COMPILER_APPICON_NAME = AppIcon;
				INFOPLIST_FILE = RunTime/Info.plist;
				LD_RUNPATH_SEARCH_PATHS = "$(inherited) @executable_path/Frameworks";
				PRODUCT_BUNDLE_IDENTIFIER = sanLong.RunTime;
				PRODUCT_NAME = "$(TARGET_NAME)";
			};
			name = Release;
		};
		CBF6A4711D21110E00B204BB /* Debug */ = {
			isa = XCBuildConfiguration;
			buildSettings = {
				BUNDLE_LOADER = "$(TEST_HOST)";
				INFOPLIST_FILE = RunTimeTests/Info.plist;
				LD_RUNPATH_SEARCH_PATHS = "$(inherited) @executable_path/Frameworks @loader_path/Frameworks";
				PRODUCT_BUNDLE_IDENTIFIER = sanLong.RunTimeTests;
				PRODUCT_NAME = "$(TARGET_NAME)";
				TEST_HOST = "$(BUILT_PRODUCTS_DIR)/RunTime.app/RunTime";
			};
			name = Debug;
		};
		CBF6A4721D21110E00B204BB /* Release */ = {
			isa = XCBuildConfiguration;
			buildSettings = {
				BUNDLE_LOADER = "$(TEST_HOST)";
				INFOPLIST_FILE = RunTimeTests/Info.plist;
				LD_RUNPATH_SEARCH_PATHS = "$(inherited) @executable_path/Frameworks @loader_path/Frameworks";
				PRODUCT_BUNDLE_IDENTIFIER = sanLong.RunTimeTests;
				PRODUCT_NAME = "$(TARGET_NAME)";
				TEST_HOST = "$(BUILT_PRODUCTS_DIR)/RunTime.app/RunTime";
			};
			name = Release;
		};
		CBF6A4741D21110E00B204BB /* Debug */ = {
			isa = XCBuildConfiguration;
			buildSettings = {
				INFOPLIST_FILE = RunTimeUITests/Info.plist;
				LD_RUNPATH_SEARCH_PATHS = "$(inherited) @executable_path/Frameworks @loader_path/Frameworks";
				PRODUCT_BUNDLE_IDENTIFIER = sanLong.RunTimeUITests;
				PRODUCT_NAME = "$(TARGET_NAME)";
				TEST_TARGET_NAME = RunTime;
			};
			name = Debug;
		};
		CBF6A4751D21110E00B204BB /* Release */ = {
			isa = XCBuildConfiguration;
			buildSettings = {
				INFOPLIST_FILE = RunTimeUITests/Info.plist;
				LD_RUNPATH_SEARCH_PATHS = "$(inherited) @executable_path/Frameworks @loader_path/Frameworks";
				PRODUCT_BUNDLE_IDENTIFIER = sanLong.RunTimeUITests;
				PRODUCT_NAME = "$(TARGET_NAME)";
				TEST_TARGET_NAME = RunTime;
			};
			name = Release;
		};
/* End XCBuildConfiguration section */

/* Begin XCConfigurationList section */
		CBF6A43B1D21110E00B204BB /* Build configuration list for PBXProject "RunTime" */ = {
			isa = XCConfigurationList;
			buildConfigurations = (
				CBF6A46B1D21110E00B204BB /* Debug */,
				CBF6A46C1D21110E00B204BB /* Release */,
			);
			defaultConfigurationIsVisible = 0;
			defaultConfigurationName = Release;
		};
		CBF6A46D1D21110E00B204BB /* Build configuration list for PBXNativeTarget "RunTime" */ = {
			isa = XCConfigurationList;
			buildConfigurations = (
				CBF6A46E1D21110E00B204BB /* Debug */,
				CBF6A46F1D21110E00B204BB /* Release */,
			);
			defaultConfigurationIsVisible = 0;
		};
		CBF6A4701D21110E00B204BB /* Build configuration list for PBXNativeTarget "RunTimeTests" */ = {
			isa = XCConfigurationList;
			buildConfigurations = (
				CBF6A4711D21110E00B204BB /* Debug */,
				CBF6A4721D21110E00B204BB /* Release */,
			);
			defaultConfigurationIsVisible = 0;
		};
		CBF6A4731D21110E00B204BB /* Build configuration list for PBXNativeTarget "RunTimeUITests" */ = {
			isa = XCConfigurationList;
			buildConfigurations = (
				CBF6A4741D21110E00B204BB /* Debug */,
				CBF6A4751D21110E00B204BB /* Release */,
			);
			defaultConfigurationIsVisible = 0;
		};
/* End XCConfigurationList section */
	};
	rootObject = CBF6A4381D21110E00B204BB /* Project object */;
}
